// !$*UTF8*$!
{
	archiveVersion = 1;
	classes = {
	};
	objectVersion = 46;
	objects = {

/* Begin PBXBuildFile section */
		143F4B421A1B350B00E83FC6 /* IMG_2775.JPG in Resources */ = {isa = PBXBuildFile; fileRef = 143F4B341A1B350B00E83FC6 /* IMG_2775.JPG */; };
		143F4B431A1B350B00E83FC6 /* IMG_2776.JPG in Resources */ = {isa = PBXBuildFile; fileRef = 143F4B351A1B350B00E83FC6 /* IMG_2776.JPG */; };
		143F4B441A1B350B00E83FC6 /* IMG_2777.JPG in Resources */ = {isa = PBXBuildFile; fileRef = 143F4B361A1B350B00E83FC6 /* IMG_2777.JPG */; };
		143F4B451A1B350B00E83FC6 /* IMG_2778.JPG in Resources */ = {isa = PBXBuildFile; fileRef = 143F4B371A1B350B00E83FC6 /* IMG_2778.JPG */; };
		143F4B461A1B350B00E83FC6 /* IMG_2779.JPG in Resources */ = {isa = PBXBuildFile; fileRef = 143F4B381A1B350B00E83FC6 /* IMG_2779.JPG */; };
		143F4B471A1B350B00E83FC6 /* IMG_2780.JPG in Resources */ = {isa = PBXBuildFile; fileRef = 143F4B391A1B350B00E83FC6 /* IMG_2780.JPG */; };
		143F4B481A1B350B00E83FC6 /* IMG_2781.JPG in Resources */ = {isa = PBXBuildFile; fileRef = 143F4B3A1A1B350B00E83FC6 /* IMG_2781.JPG */; };
		143F4B491A1B350B00E83FC6 /* IMG_2782.JPG in Resources */ = {isa = PBXBuildFile; fileRef = 143F4B3B1A1B350B00E83FC6 /* IMG_2782.JPG */; };
		143F4B4A1A1B350B00E83FC6 /* IMG_2784.JPG in Resources */ = {isa = PBXBuildFile; fileRef = 143F4B3C1A1B350B00E83FC6 /* IMG_2784.JPG */; };
		143F4B4C1A1B350B00E83FC6 /* IMG_2787.JPG in Resources */ = {isa = PBXBuildFile; fileRef = 143F4B3E1A1B350B00E83FC6 /* IMG_2787.JPG */; };
		143F4B4D1A1B350B00E83FC6 /* IMG_2788.JPG in Resources */ = {isa = PBXBuildFile; fileRef = 143F4B3F1A1B350B00E83FC6 /* IMG_2788.JPG */; };
		144FFAAC1A2B5F6200267086 /* JSVpuzzleSolveController.m in Sources */ = {isa = PBXBuildFile; fileRef = 144FFAAB1A2B5F6200267086 /* JSVpuzzleSolveController.m */; };
		1455DCC61A1AC30E008264FF /* JSVopenCV.mm in Sources */ = {isa = PBXBuildFile; fileRef = 1455DCC51A1AC30E008264FF /* JSVopenCV.mm */; };
		146A46831A3153C3003B1A85 /* homeScreen.m in Sources */ = {isa = PBXBuildFile; fileRef = 146A46821A3153C3003B1A85 /* homeScreen.m */; };
		146A46861A3382CF003B1A85 /* takePictures.m in Sources */ = {isa = PBXBuildFile; fileRef = 146A46851A3382CF003B1A85 /* takePictures.m */; };
		146A46891A338E61003B1A85 /* selectPieces.m in Sources */ = {isa = PBXBuildFile; fileRef = 146A46881A338E61003B1A85 /* selectPieces.m */; };
		146A468C1A339251003B1A85 /* JSVsingleton.mm in Sources */ = {isa = PBXBuildFile; fileRef = 146A468B1A339251003B1A85 /* JSVsingleton.mm */; };
		146A468F1A33B4CA003B1A85 /* finalResult.m in Sources */ = {isa = PBXBuildFile; fileRef = 146A468E1A33B4CA003B1A85 /* finalResult.m */; };
		146A46921A33BC96003B1A85 /* checkPieces.m in Sources */ = {isa = PBXBuildFile; fileRef = 146A46911A33BC96003B1A85 /* checkPieces.m */; };
		14A6875A1A168E15009A188C /* main.m in Sources */ = {isa = PBXBuildFile; fileRef = 14A687591A168E15009A188C /* main.m */; };
		14A6875D1A168E15009A188C /* AppDelegate.m in Sources */ = {isa = PBXBuildFile; fileRef = 14A6875C1A168E15009A188C /* AppDelegate.m */; };
		14A687601A168E15009A188C /* ViewController.mm in Sources */ = {isa = PBXBuildFile; fileRef = 14A6875F1A168E15009A188C /* ViewController.mm */; };
		14A687631A168E15009A188C /* Main.storyboard in Resources */ = {isa = PBXBuildFile; fileRef = 14A687611A168E15009A188C /* Main.storyboard */; };
		14A687651A168E15009A188C /* Images.xcassets in Resources */ = {isa = PBXBuildFile; fileRef = 14A687641A168E15009A188C /* Images.xcassets */; };
		14A687681A168E15009A188C /* LaunchScreen.xib in Resources */ = {isa = PBXBuildFile; fileRef = 14A687661A168E15009A188C /* LaunchScreen.xib */; };
		14A687741A168E15009A188C /* jigSolverTests.m in Sources */ = {isa = PBXBuildFile; fileRef = 14A687731A168E15009A188C /* jigSolverTests.m */; };
		14B4EC2B1A2996AF009F494A /* JSVpuzzlePiece.mm in Sources */ = {isa = PBXBuildFile; fileRef = 14B4EC2A1A2996AF009F494A /* JSVpuzzlePiece.mm */; };
		14C5365D1A341A3700B6BF2B /* PageContentViewController.m in Sources */ = {isa = PBXBuildFile; fileRef = 14C5365C1A341A3700B6BF2B /* PageContentViewController.m */; };
		14D5967F1A2D313B00566709 /* IMG_2773.png in Resources */ = {isa = PBXBuildFile; fileRef = 14D5967E1A2D313B00566709 /* IMG_2773.png */; };
		14D596831A2D326900566709 /* test1_source.png in Resources */ = {isa = PBXBuildFile; fileRef = 14D596821A2D326900566709 /* test1_source.png */; };
		14D596871A2D341400566709 /* IMG_2785.png in Resources */ = {isa = PBXBuildFile; fileRef = 14D596861A2D341400566709 /* IMG_2785.png */; };
		385074F7670548A6D1FC3608 /* libPods.a in Frameworks */ = {isa = PBXBuildFile; fileRef = 3DD4C8D9F22DFD5AB9C7D759 /* libPods.a */; };
		FD7148721A2BBAAE004801F8 /* JSVOpenCVSIFT.mm in Sources */ = {isa = PBXBuildFile; fileRef = FD7148711A2BBAAE004801F8 /* JSVOpenCVSIFT.mm */; };
/* End PBXBuildFile section */

/* Begin PBXContainerItemProxy section */
		14A6876E1A168E15009A188C /* PBXContainerItemProxy */ = {
			isa = PBXContainerItemProxy;
			containerPortal = 14A6874C1A168E15009A188C /* Project object */;
			proxyType = 1;
			remoteGlobalIDString = 14A687531A168E15009A188C;
			remoteInfo = jigSolver;
		};
/* End PBXContainerItemProxy section */

/* Begin PBXFileReference section */
		143F4B341A1B350B00E83FC6 /* IMG_2775.JPG */ = {isa = PBXFileReference; lastKnownFileType = image.jpeg; path = IMG_2775.JPG; sourceTree = "<group>"; };
		143F4B351A1B350B00E83FC6 /* IMG_2776.JPG */ = {isa = PBXFileReference; lastKnownFileType = image.jpeg; path = IMG_2776.JPG; sourceTree = "<group>"; };
		143F4B361A1B350B00E83FC6 /* IMG_2777.JPG */ = {isa = PBXFileReference; lastKnownFileType = image.jpeg; path = IMG_2777.JPG; sourceTree = "<group>"; };
		143F4B371A1B350B00E83FC6 /* IMG_2778.JPG */ = {isa = PBXFileReference; lastKnownFileType = image.jpeg; path = IMG_2778.JPG; sourceTree = "<group>"; };
		143F4B381A1B350B00E83FC6 /* IMG_2779.JPG */ = {isa = PBXFileReference; lastKnownFileType = image.jpeg; path = IMG_2779.JPG; sourceTree = "<group>"; };
		143F4B391A1B350B00E83FC6 /* IMG_2780.JPG */ = {isa = PBXFileReference; lastKnownFileType = image.jpeg; path = IMG_2780.JPG; sourceTree = "<group>"; };
		143F4B3A1A1B350B00E83FC6 /* IMG_2781.JPG */ = {isa = PBXFileReference; lastKnownFileType = image.jpeg; path = IMG_2781.JPG; sourceTree = "<group>"; };
		143F4B3B1A1B350B00E83FC6 /* IMG_2782.JPG */ = {isa = PBXFileReference; lastKnownFileType = image.jpeg; path = IMG_2782.JPG; sourceTree = "<group>"; };
		143F4B3C1A1B350B00E83FC6 /* IMG_2784.JPG */ = {isa = PBXFileReference; lastKnownFileType = image.jpeg; path = IMG_2784.JPG; sourceTree = "<group>"; };
		143F4B3E1A1B350B00E83FC6 /* IMG_2787.JPG */ = {isa = PBXFileReference; lastKnownFileType = image.jpeg; path = IMG_2787.JPG; sourceTree = "<group>"; };
		143F4B3F1A1B350B00E83FC6 /* IMG_2788.JPG */ = {isa = PBXFileReference; lastKnownFileType = image.jpeg; path = IMG_2788.JPG; sourceTree = "<group>"; };
		144FFAAA1A2B5F6200267086 /* JSVpuzzleSolveController.h */ = {isa = PBXFileReference; fileEncoding = 4; lastKnownFileType = sourcecode.c.h; path = JSVpuzzleSolveController.h; sourceTree = "<group>"; };
		144FFAAB1A2B5F6200267086 /* JSVpuzzleSolveController.m */ = {isa = PBXFileReference; fileEncoding = 4; lastKnownFileType = sourcecode.c.objc; path = JSVpuzzleSolveController.m; sourceTree = "<group>"; };
		1455DCC41A1AC30E008264FF /* JSVopenCV.h */ = {isa = PBXFileReference; fileEncoding = 4; lastKnownFileType = sourcecode.c.h; path = JSVopenCV.h; sourceTree = "<group>"; };
		1455DCC51A1AC30E008264FF /* JSVopenCV.mm */ = {isa = PBXFileReference; fileEncoding = 4; lastKnownFileType = sourcecode.cpp.objcpp; path = JSVopenCV.mm; sourceTree = "<group>"; };
		146A46811A3153C3003B1A85 /* homeScreen.h */ = {isa = PBXFileReference; fileEncoding = 4; lastKnownFileType = sourcecode.c.h; path = homeScreen.h; sourceTree = "<group>"; };
		146A46821A3153C3003B1A85 /* homeScreen.m */ = {isa = PBXFileReference; fileEncoding = 4; lastKnownFileType = sourcecode.c.objc; path = homeScreen.m; sourceTree = "<group>"; };
		146A46841A3382CF003B1A85 /* takePictures.h */ = {isa = PBXFileReference; fileEncoding = 4; lastKnownFileType = sourcecode.c.h; path = takePictures.h; sourceTree = "<group>"; };
		146A46851A3382CF003B1A85 /* takePictures.m */ = {isa = PBXFileReference; fileEncoding = 4; lastKnownFileType = sourcecode.c.objc; path = takePictures.m; sourceTree = "<group>"; };
		146A46871A338E61003B1A85 /* selectPieces.h */ = {isa = PBXFileReference; fileEncoding = 4; lastKnownFileType = sourcecode.c.h; path = selectPieces.h; sourceTree = "<group>"; };
		146A46881A338E61003B1A85 /* selectPieces.m */ = {isa = PBXFileReference; fileEncoding = 4; lastKnownFileType = sourcecode.c.objc; path = selectPieces.m; sourceTree = "<group>"; };
		146A468A1A339251003B1A85 /* JSVsingleton.h */ = {isa = PBXFileReference; fileEncoding = 4; lastKnownFileType = sourcecode.c.h; path = JSVsingleton.h; sourceTree = "<group>"; };
		146A468B1A339251003B1A85 /* JSVsingleton.mm */ = {isa = PBXFileReference; fileEncoding = 4; lastKnownFileType = sourcecode.cpp.objcpp; path = JSVsingleton.mm; sourceTree = "<group>"; };
		146A468D1A33B4CA003B1A85 /* finalResult.h */ = {isa = PBXFileReference; fileEncoding = 4; lastKnownFileType = sourcecode.c.h; path = finalResult.h; sourceTree = "<group>"; };
		146A468E1A33B4CA003B1A85 /* finalResult.m */ = {isa = PBXFileReference; fileEncoding = 4; lastKnownFileType = sourcecode.c.objc; path = finalResult.m; sourceTree = "<group>"; };
		146A46901A33BC96003B1A85 /* checkPieces.h */ = {isa = PBXFileReference; fileEncoding = 4; lastKnownFileType = sourcecode.c.h; path = checkPieces.h; sourceTree = "<group>"; };
		146A46911A33BC96003B1A85 /* checkPieces.m */ = {isa = PBXFileReference; fileEncoding = 4; lastKnownFileType = sourcecode.c.objc; path = checkPieces.m; sourceTree = "<group>"; };
		14A687541A168E15009A188C /* jigSolver.app */ = {isa = PBXFileReference; explicitFileType = wrapper.application; includeInIndex = 0; path = jigSolver.app; sourceTree = BUILT_PRODUCTS_DIR; };
		14A687581A168E15009A188C /* Info.plist */ = {isa = PBXFileReference; lastKnownFileType = text.plist.xml; path = Info.plist; sourceTree = "<group>"; };
		14A687591A168E15009A188C /* main.m */ = {isa = PBXFileReference; lastKnownFileType = sourcecode.c.objc; path = main.m; sourceTree = "<group>"; };
		14A6875B1A168E15009A188C /* AppDelegate.h */ = {isa = PBXFileReference; lastKnownFileType = sourcecode.c.h; path = AppDelegate.h; sourceTree = "<group>"; };
		14A6875C1A168E15009A188C /* AppDelegate.m */ = {isa = PBXFileReference; lastKnownFileType = sourcecode.c.objc; path = AppDelegate.m; sourceTree = "<group>"; };
		14A6875E1A168E15009A188C /* ViewController.h */ = {isa = PBXFileReference; lastKnownFileType = sourcecode.c.h; path = ViewController.h; sourceTree = "<group>"; };
		14A6875F1A168E15009A188C /* ViewController.mm */ = {isa = PBXFileReference; lastKnownFileType = sourcecode.cpp.objcpp; path = ViewController.mm; sourceTree = "<group>"; };
		14A687621A168E15009A188C /* Base */ = {isa = PBXFileReference; lastKnownFileType = file.storyboard; name = Base; path = Base.lproj/Main.storyboard; sourceTree = "<group>"; };
		14A687641A168E15009A188C /* Images.xcassets */ = {isa = PBXFileReference; lastKnownFileType = folder.assetcatalog; path = Images.xcassets; sourceTree = "<group>"; };
		14A687671A168E15009A188C /* Base */ = {isa = PBXFileReference; lastKnownFileType = file.xib; name = Base; path = Base.lproj/LaunchScreen.xib; sourceTree = "<group>"; };
		14A6876D1A168E15009A188C /* jigSolverTests.xctest */ = {isa = PBXFileReference; explicitFileType = wrapper.cfbundle; includeInIndex = 0; path = jigSolverTests.xctest; sourceTree = BUILT_PRODUCTS_DIR; };
		14A687721A168E15009A188C /* Info.plist */ = {isa = PBXFileReference; lastKnownFileType = text.plist.xml; path = Info.plist; sourceTree = "<group>"; };
		14A687731A168E15009A188C /* jigSolverTests.m */ = {isa = PBXFileReference; lastKnownFileType = sourcecode.c.objc; path = jigSolverTests.m; sourceTree = "<group>"; };
		14B4EC291A2996AF009F494A /* JSVpuzzlePiece.h */ = {isa = PBXFileReference; fileEncoding = 4; lastKnownFileType = sourcecode.c.h; path = JSVpuzzlePiece.h; sourceTree = "<group>"; };
		14B4EC2A1A2996AF009F494A /* JSVpuzzlePiece.mm */ = {isa = PBXFileReference; fileEncoding = 4; lastKnownFileType = sourcecode.cpp.objcpp; path = JSVpuzzlePiece.mm; sourceTree = "<group>"; };
		14C5365B1A341A3700B6BF2B /* PageContentViewController.h */ = {isa = PBXFileReference; fileEncoding = 4; lastKnownFileType = sourcecode.c.h; path = PageContentViewController.h; sourceTree = "<group>"; };
		14C5365C1A341A3700B6BF2B /* PageContentViewController.m */ = {isa = PBXFileReference; fileEncoding = 4; lastKnownFileType = sourcecode.c.objc; path = PageContentViewController.m; sourceTree = "<group>"; };
		14D5967E1A2D313B00566709 /* IMG_2773.png */ = {isa = PBXFileReference; lastKnownFileType = image.png; path = IMG_2773.png; sourceTree = "<group>"; };
		14D596821A2D326900566709 /* test1_source.png */ = {isa = PBXFileReference; lastKnownFileType = image.png; path = test1_source.png; sourceTree = "<group>"; };
		14D596861A2D341400566709 /* IMG_2785.png */ = {isa = PBXFileReference; lastKnownFileType = image.png; path = IMG_2785.png; sourceTree = "<group>"; };
		3DD4C8D9F22DFD5AB9C7D759 /* libPods.a */ = {isa = PBXFileReference; explicitFileType = archive.ar; includeInIndex = 0; path = libPods.a; sourceTree = BUILT_PRODUCTS_DIR; };
		63F76E6962E4F776AA6988A6 /* Pods.debug.xcconfig */ = {isa = PBXFileReference; includeInIndex = 1; lastKnownFileType = text.xcconfig; name = Pods.debug.xcconfig; path = "Pods/Target Support Files/Pods/Pods.debug.xcconfig"; sourceTree = "<group>"; };
		B0998364AE67032C98E71081 /* Pods.release.xcconfig */ = {isa = PBXFileReference; includeInIndex = 1; lastKnownFileType = text.xcconfig; name = Pods.release.xcconfig; path = "Pods/Target Support Files/Pods/Pods.release.xcconfig"; sourceTree = "<group>"; };
		FD7148701A2BBAAE004801F8 /* JSVOpenCVSIFT.h */ = {isa = PBXFileReference; fileEncoding = 4; lastKnownFileType = sourcecode.c.h; path = JSVOpenCVSIFT.h; sourceTree = "<group>"; };
		FD7148711A2BBAAE004801F8 /* JSVOpenCVSIFT.mm */ = {isa = PBXFileReference; fileEncoding = 4; lastKnownFileType = sourcecode.cpp.objcpp; path = JSVOpenCVSIFT.mm; sourceTree = "<group>"; };
/* End PBXFileReference section */

/* Begin PBXFrameworksBuildPhase section */
		14A687511A168E15009A188C /* Frameworks */ = {
			isa = PBXFrameworksBuildPhase;
			buildActionMask = 2147483647;
			files = (
				385074F7670548A6D1FC3608 /* libPods.a in Frameworks */,
			);
			runOnlyForDeploymentPostprocessing = 0;
		};
		14A6876A1A168E15009A188C /* Frameworks */ = {
			isa = PBXFrameworksBuildPhase;
			buildActionMask = 2147483647;
			files = (
			);
			runOnlyForDeploymentPostprocessing = 0;
		};
/* End PBXFrameworksBuildPhase section */

/* Begin PBXGroup section */
		0B2103B36AB5332A627E1468 /* Pods */ = {
			isa = PBXGroup;
			children = (
				63F76E6962E4F776AA6988A6 /* Pods.debug.xcconfig */,
				B0998364AE67032C98E71081 /* Pods.release.xcconfig */,
			);
			name = Pods;
			sourceTree = "<group>";
		};
		143F4B311A1B350B00E83FC6 /* testSources */ = {
			isa = PBXGroup;
			children = (
				14D596861A2D341400566709 /* IMG_2785.png */,
				14D5967E1A2D313B00566709 /* IMG_2773.png */,
				143F4B341A1B350B00E83FC6 /* IMG_2775.JPG */,
				143F4B351A1B350B00E83FC6 /* IMG_2776.JPG */,
				143F4B361A1B350B00E83FC6 /* IMG_2777.JPG */,
				143F4B371A1B350B00E83FC6 /* IMG_2778.JPG */,
				143F4B381A1B350B00E83FC6 /* IMG_2779.JPG */,
				143F4B391A1B350B00E83FC6 /* IMG_2780.JPG */,
				143F4B3A1A1B350B00E83FC6 /* IMG_2781.JPG */,
				143F4B3B1A1B350B00E83FC6 /* IMG_2782.JPG */,
				143F4B3C1A1B350B00E83FC6 /* IMG_2784.JPG */,
				143F4B3E1A1B350B00E83FC6 /* IMG_2787.JPG */,
				143F4B3F1A1B350B00E83FC6 /* IMG_2788.JPG */,
			);
			path = testSources;
			sourceTree = "<group>";
		};
		14A6874B1A168E15009A188C = {
			isa = PBXGroup;
			children = (
				14A687561A168E15009A188C /* jigSolver */,
				14A687701A168E15009A188C /* jigSolverTests */,
				14A687551A168E15009A188C /* Products */,
				0B2103B36AB5332A627E1468 /* Pods */,
				D3A92A4980AAFF6E45CC46DD /* Frameworks */,
			);
			sourceTree = "<group>";
		};
		14A687551A168E15009A188C /* Products */ = {
			isa = PBXGroup;
			children = (
				14A687541A168E15009A188C /* jigSolver.app */,
				14A6876D1A168E15009A188C /* jigSolverTests.xctest */,
			);
			name = Products;
			sourceTree = "<group>";
		};
		14A687561A168E15009A188C /* jigSolver */ = {
			isa = PBXGroup;
			children = (
				14A6875B1A168E15009A188C /* AppDelegate.h */,
				14A6875C1A168E15009A188C /* AppDelegate.m */,
				FD71486F1A2BBA78004801F8 /* ViewController */,
				FD71486D1A2BBA5C004801F8 /* OpenCV */,
				FD71486E1A2BBA69004801F8 /* Puzzle */,
				143F4B311A1B350B00E83FC6 /* testSources */,
				146A468A1A339251003B1A85 /* JSVsingleton.h */,
				146A468B1A339251003B1A85 /* JSVsingleton.mm */,
				14A687611A168E15009A188C /* Main.storyboard */,
				14A687641A168E15009A188C /* Images.xcassets */,
				14A687661A168E15009A188C /* LaunchScreen.xib */,
				14A687571A168E15009A188C /* Supporting Files */,
			);
			path = jigSolver;
			sourceTree = "<group>";
		};
		14A687571A168E15009A188C /* Supporting Files */ = {
			isa = PBXGroup;
			children = (
				14A687581A168E15009A188C /* Info.plist */,
				14A687591A168E15009A188C /* main.m */,
			);
			name = "Supporting Files";
			sourceTree = "<group>";
		};
		14A687701A168E15009A188C /* jigSolverTests */ = {
			isa = PBXGroup;
			children = (
				14A687731A168E15009A188C /* jigSolverTests.m */,
				14A687711A168E15009A188C /* Supporting Files */,
			);
			path = jigSolverTests;
			sourceTree = "<group>";
		};
		14A687711A168E15009A188C /* Supporting Files */ = {
			isa = PBXGroup;
			children = (
				14A687721A168E15009A188C /* Info.plist */,
			);
			name = "Supporting Files";
			sourceTree = "<group>";
		};
		D3A92A4980AAFF6E45CC46DD /* Frameworks */ = {
			isa = PBXGroup;
			children = (
				3DD4C8D9F22DFD5AB9C7D759 /* libPods.a */,
			);
			name = Frameworks;
			sourceTree = "<group>";
		};
		FD71486D1A2BBA5C004801F8 /* OpenCV */ = {
			isa = PBXGroup;
			children = (
				1455DCC41A1AC30E008264FF /* JSVopenCV.h */,
				1455DCC51A1AC30E008264FF /* JSVopenCV.mm */,
				FD7148701A2BBAAE004801F8 /* JSVOpenCVSIFT.h */,
				FD7148711A2BBAAE004801F8 /* JSVOpenCVSIFT.mm */,
				14D596821A2D326900566709 /* test1_source.png */,
			);
			name = OpenCV;
			sourceTree = "<group>";
		};
		FD71486E1A2BBA69004801F8 /* Puzzle */ = {
			isa = PBXGroup;
			children = (
				14B4EC291A2996AF009F494A /* JSVpuzzlePiece.h */,
				14B4EC2A1A2996AF009F494A /* JSVpuzzlePiece.mm */,
			);
			name = Puzzle;
			sourceTree = "<group>";
		};
		FD71486F1A2BBA78004801F8 /* ViewController */ = {
			isa = PBXGroup;
			children = (
				14A6875E1A168E15009A188C /* ViewController.h */,
				14A6875F1A168E15009A188C /* ViewController.mm */,
				144FFAAA1A2B5F6200267086 /* JSVpuzzleSolveController.h */,
				144FFAAB1A2B5F6200267086 /* JSVpuzzleSolveController.m */,
				146A46811A3153C3003B1A85 /* homeScreen.h */,
				146A46821A3153C3003B1A85 /* homeScreen.m */,
				146A46841A3382CF003B1A85 /* takePictures.h */,
				146A46851A3382CF003B1A85 /* takePictures.m */,
				146A46871A338E61003B1A85 /* selectPieces.h */,
				146A46881A338E61003B1A85 /* selectPieces.m */,
				146A46901A33BC96003B1A85 /* checkPieces.h */,
				146A46911A33BC96003B1A85 /* checkPieces.m */,
				14C5365B1A341A3700B6BF2B /* PageContentViewController.h */,
				14C5365C1A341A3700B6BF2B /* PageContentViewController.m */,
				146A468D1A33B4CA003B1A85 /* finalResult.h */,
				146A468E1A33B4CA003B1A85 /* finalResult.m */,
			);
			name = ViewController;
			sourceTree = "<group>";
		};
/* End PBXGroup section */

/* Begin PBXNativeTarget section */
		14A687531A168E15009A188C /* jigSolver */ = {
			isa = PBXNativeTarget;
			buildConfigurationList = 14A687771A168E15009A188C /* Build configuration list for PBXNativeTarget "jigSolver" */;
			buildPhases = (
				A22991DF90DC024D849A5F60 /* Check Pods Manifest.lock */,
				14A687501A168E15009A188C /* Sources */,
				14A687511A168E15009A188C /* Frameworks */,
				14A687521A168E15009A188C /* Resources */,
				6A610D59496D706D6AC032D7 /* Copy Pods Resources */,
			);
			buildRules = (
			);
			dependencies = (
			);
			name = jigSolver;
			productName = jigSolver;
			productReference = 14A687541A168E15009A188C /* jigSolver.app */;
			productType = "com.apple.product-type.application";
		};
		14A6876C1A168E15009A188C /* jigSolverTests */ = {
			isa = PBXNativeTarget;
			buildConfigurationList = 14A6877A1A168E15009A188C /* Build configuration list for PBXNativeTarget "jigSolverTests" */;
			buildPhases = (
				14A687691A168E15009A188C /* Sources */,
				14A6876A1A168E15009A188C /* Frameworks */,
				14A6876B1A168E15009A188C /* Resources */,
			);
			buildRules = (
			);
			dependencies = (
				14A6876F1A168E15009A188C /* PBXTargetDependency */,
			);
			name = jigSolverTests;
			productName = jigSolverTests;
			productReference = 14A6876D1A168E15009A188C /* jigSolverTests.xctest */;
			productType = "com.apple.product-type.bundle.unit-test";
		};
/* End PBXNativeTarget section */

/* Begin PBXProject section */
		14A6874C1A168E15009A188C /* Project object */ = {
			isa = PBXProject;
			attributes = {
				LastUpgradeCheck = 0610;
				ORGANIZATIONNAME = tDC;
				TargetAttributes = {
					14A687531A168E15009A188C = {
						CreatedOnToolsVersion = 6.1;
						DevelopmentTeam = 3GBQ2H4QX7;
					};
					14A6876C1A168E15009A188C = {
						CreatedOnToolsVersion = 6.1;
						TestTargetID = 14A687531A168E15009A188C;
					};
				};
			};
			buildConfigurationList = 14A6874F1A168E15009A188C /* Build configuration list for PBXProject "jigSolver" */;
			compatibilityVersion = "Xcode 3.2";
			developmentRegion = English;
			hasScannedForEncodings = 0;
			knownRegions = (
				en,
				Base,
			);
			mainGroup = 14A6874B1A168E15009A188C;
			productRefGroup = 14A687551A168E15009A188C /* Products */;
			projectDirPath = "";
			projectRoot = "";
			targets = (
				14A687531A168E15009A188C /* jigSolver */,
				14A6876C1A168E15009A188C /* jigSolverTests */,
			);
		};
/* End PBXProject section */

/* Begin PBXResourcesBuildPhase section */
		14A687521A168E15009A188C /* Resources */ = {
			isa = PBXResourcesBuildPhase;
			buildActionMask = 2147483647;
			files = (
				14A687631A168E15009A188C /* Main.storyboard in Resources */,
				143F4B491A1B350B00E83FC6 /* IMG_2782.JPG in Resources */,
				143F4B471A1B350B00E83FC6 /* IMG_2780.JPG in Resources */,
				143F4B441A1B350B00E83FC6 /* IMG_2777.JPG in Resources */,
				14D596871A2D341400566709 /* IMG_2785.png in Resources */,
				143F4B431A1B350B00E83FC6 /* IMG_2776.JPG in Resources */,
				14A687681A168E15009A188C /* LaunchScreen.xib in Resources */,
				14D596831A2D326900566709 /* test1_source.png in Resources */,
				143F4B481A1B350B00E83FC6 /* IMG_2781.JPG in Resources */,
				14D5967F1A2D313B00566709 /* IMG_2773.png in Resources */,
				143F4B421A1B350B00E83FC6 /* IMG_2775.JPG in Resources */,
				143F4B4D1A1B350B00E83FC6 /* IMG_2788.JPG in Resources */,
				143F4B4C1A1B350B00E83FC6 /* IMG_2787.JPG in Resources */,
				143F4B451A1B350B00E83FC6 /* IMG_2778.JPG in Resources */,
				143F4B461A1B350B00E83FC6 /* IMG_2779.JPG in Resources */,
				143F4B4A1A1B350B00E83FC6 /* IMG_2784.JPG in Resources */,
				14A687651A168E15009A188C /* Images.xcassets in Resources */,
			);
			runOnlyForDeploymentPostprocessing = 0;
		};
		14A6876B1A168E15009A188C /* Resources */ = {
			isa = PBXResourcesBuildPhase;
			buildActionMask = 2147483647;
			files = (
			);
			runOnlyForDeploymentPostprocessing = 0;
		};
/* End PBXResourcesBuildPhase section */

/* Begin PBXShellScriptBuildPhase section */
		6A610D59496D706D6AC032D7 /* Copy Pods Resources */ = {
			isa = PBXShellScriptBuildPhase;
			buildActionMask = 2147483647;
			files = (
			);
			inputPaths = (
			);
			name = "Copy Pods Resources";
			outputPaths = (
			);
			runOnlyForDeploymentPostprocessing = 0;
			shellPath = /bin/sh;
			shellScript = "\"${SRCROOT}/Pods/Target Support Files/Pods/Pods-resources.sh\"\n";
			showEnvVarsInLog = 0;
		};
		A22991DF90DC024D849A5F60 /* Check Pods Manifest.lock */ = {
			isa = PBXShellScriptBuildPhase;
			buildActionMask = 2147483647;
			files = (
			);
			inputPaths = (
			);
			name = "Check Pods Manifest.lock";
			outputPaths = (
			);
			runOnlyForDeploymentPostprocessing = 0;
			shellPath = /bin/sh;
			shellScript = "diff \"${PODS_ROOT}/../Podfile.lock\" \"${PODS_ROOT}/Manifest.lock\" > /dev/null\nif [[ $? != 0 ]] ; then\n    cat << EOM\nerror: The sandbox is not in sync with the Podfile.lock. Run 'pod install' or update your CocoaPods installation.\nEOM\n    exit 1\nfi\n";
			showEnvVarsInLog = 0;
		};
/* End PBXShellScriptBuildPhase section */

/* Begin PBXSourcesBuildPhase section */
		14A687501A168E15009A188C /* Sources */ = {
			isa = PBXSourcesBuildPhase;
			buildActionMask = 2147483647;
			files = (
				146A46921A33BC96003B1A85 /* checkPieces.m in Sources */,
				146A46831A3153C3003B1A85 /* homeScreen.m in Sources */,
				1455DCC61A1AC30E008264FF /* JSVopenCV.mm in Sources */,
				FD7148721A2BBAAE004801F8 /* JSVOpenCVSIFT.mm in Sources */,
				14B4EC2B1A2996AF009F494A /* JSVpuzzlePiece.mm in Sources */,
				146A46891A338E61003B1A85 /* selectPieces.m in Sources */,
				146A468F1A33B4CA003B1A85 /* finalResult.m in Sources */,
				14A687601A168E15009A188C /* ViewController.mm in Sources */,
				146A46861A3382CF003B1A85 /* takePictures.m in Sources */,
				14C5365D1A341A3700B6BF2B /* PageContentViewController.m in Sources */,
				144FFAAC1A2B5F6200267086 /* JSVpuzzleSolveController.m in Sources */,
				14A6875D1A168E15009A188C /* AppDelegate.m in Sources */,
				146A468C1A339251003B1A85 /* JSVsingleton.mm in Sources */,
				14A6875A1A168E15009A188C /* main.m in Sources */,
			);
			runOnlyForDeploymentPostprocessing = 0;
		};
		14A687691A168E15009A188C /* Sources */ = {
			isa = PBXSourcesBuildPhase;
			buildActionMask = 2147483647;
			files = (
				14A687741A168E15009A188C /* jigSolverTests.m in Sources */,
			);
			runOnlyForDeploymentPostprocessing = 0;
		};
/* End PBXSourcesBuildPhase section */

/* Begin PBXTargetDependency section */
		14A6876F1A168E15009A188C /* PBXTargetDependency */ = {
			isa = PBXTargetDependency;
			target = 14A687531A168E15009A188C /* jigSolver */;
			targetProxy = 14A6876E1A168E15009A188C /* PBXContainerItemProxy */;
		};
/* End PBXTargetDependency section */

/* Begin PBXVariantGroup section */
		14A687611A168E15009A188C /* Main.storyboard */ = {
			isa = PBXVariantGroup;
			children = (
				14A687621A168E15009A188C /* Base */,
			);
			name = Main.storyboard;
			sourceTree = "<group>";
		};
		14A687661A168E15009A188C /* LaunchScreen.xib */ = {
			isa = PBXVariantGroup;
			children = (
				14A687671A168E15009A188C /* Base */,
			);
			name = LaunchScreen.xib;
			sourceTree = "<group>";
		};
/* End PBXVariantGroup section */

/* Begin XCBuildConfiguration section */
		14A687751A168E15009A188C /* Debug */ = {
			isa = XCBuildConfiguration;
			buildSettings = {
				ALWAYS_SEARCH_USER_PATHS = NO;
				CLANG_CXX_LANGUAGE_STANDARD = "gnu++0x";
				CLANG_CXX_LIBRARY = "libc++";
				CLANG_ENABLE_MODULES = YES;
				CLANG_ENABLE_OBJC_ARC = YES;
				CLANG_WARN_BOOL_CONVERSION = YES;
				CLANG_WARN_CONSTANT_CONVERSION = YES;
				CLANG_WARN_DIRECT_OBJC_ISA_USAGE = YES_ERROR;
				CLANG_WARN_EMPTY_BODY = YES;
				CLANG_WARN_ENUM_CONVERSION = YES;
				CLANG_WARN_INT_CONVERSION = YES;
				CLANG_WARN_OBJC_ROOT_CLASS = YES_ERROR;
				CLANG_WARN_UNREACHABLE_CODE = YES;
				CLANG_WARN__DUPLICATE_METHOD_MATCH = YES;
				"CODE_SIGN_IDENTITY[sdk=iphoneos*]" = "iPhone Developer";
				COPY_PHASE_STRIP = NO;
				ENABLE_STRICT_OBJC_MSGSEND = YES;
				GCC_C_LANGUAGE_STANDARD = gnu99;
				GCC_DYNAMIC_NO_PIC = NO;
				GCC_OPTIMIZATION_LEVEL = 0;
				GCC_PREPROCESSOR_DEFINITIONS = (
					"DEBUG=1",
					"$(inherited)",
				);
				GCC_SYMBOLS_PRIVATE_EXTERN = NO;
				GCC_WARN_64_TO_32_BIT_CONVERSION = YES;
				GCC_WARN_ABOUT_RETURN_TYPE = YES_ERROR;
				GCC_WARN_UNDECLARED_SELECTOR = YES;
				GCC_WARN_UNINITIALIZED_AUTOS = YES_AGGRESSIVE;
				GCC_WARN_UNUSED_FUNCTION = YES;
				GCC_WARN_UNUSED_VARIABLE = YES;
				IPHONEOS_DEPLOYMENT_TARGET = 7.1;
				MTL_ENABLE_DEBUG_INFO = YES;
				ONLY_ACTIVE_ARCH = YES;
				SDKROOT = iphoneos;
				TARGETED_DEVICE_FAMILY = "1,2";
			};
			name = Debug;
		};
		14A687761A168E15009A188C /* Release */ = {
			isa = XCBuildConfiguration;
			buildSettings = {
				ALWAYS_SEARCH_USER_PATHS = NO;
				CLANG_CXX_LANGUAGE_STANDARD = "gnu++0x";
				CLANG_CXX_LIBRARY = "libc++";
				CLANG_ENABLE_MODULES = YES;
				CLANG_ENABLE_OBJC_ARC = YES;
				CLANG_WARN_BOOL_CONVERSION = YES;
				CLANG_WARN_CONSTANT_CONVERSION = YES;
				CLANG_WARN_DIRECT_OBJC_ISA_USAGE = YES_ERROR;
				CLANG_WARN_EMPTY_BODY = YES;
				CLANG_WARN_ENUM_CONVERSION = YES;
				CLANG_WARN_INT_CONVERSION = YES;
				CLANG_WARN_OBJC_ROOT_CLASS = YES_ERROR;
				CLANG_WARN_UNREACHABLE_CODE = YES;
				CLANG_WARN__DUPLICATE_METHOD_MATCH = YES;
				"CODE_SIGN_IDENTITY[sdk=iphoneos*]" = "iPhone Developer";
				COPY_PHASE_STRIP = YES;
				ENABLE_NS_ASSERTIONS = NO;
				ENABLE_STRICT_OBJC_MSGSEND = YES;
				GCC_C_LANGUAGE_STANDARD = gnu99;
				GCC_WARN_64_TO_32_BIT_CONVERSION = YES;
				GCC_WARN_ABOUT_RETURN_TYPE = YES_ERROR;
				GCC_WARN_UNDECLARED_SELECTOR = YES;
				GCC_WARN_UNINITIALIZED_AUTOS = YES_AGGRESSIVE;
				GCC_WARN_UNUSED_FUNCTION = YES;
				GCC_WARN_UNUSED_VARIABLE = YES;
				IPHONEOS_DEPLOYMENT_TARGET = 7.1;
				MTL_ENABLE_DEBUG_INFO = NO;
				SDKROOT = iphoneos;
				TARGETED_DEVICE_FAMILY = "1,2";
				VALIDATE_PRODUCT = YES;
			};
			name = Release;
		};
		14A687781A168E15009A188C /* Debug */ = {
			isa = XCBuildConfiguration;
			baseConfigurationReference = 63F76E6962E4F776AA6988A6 /* Pods.debug.xcconfig */;
			buildSettings = {
				ASSETCATALOG_COMPILER_APPICON_NAME = AppIcon;
				ASSETCATALOG_COMPILER_LAUNCHIMAGE_NAME = LaunchImage;
				CODE_SIGN_IDENTITY = "iPhone Developer";
				INFOPLIST_FILE = jigSolver/Info.plist;
				IPHONEOS_DEPLOYMENT_TARGET = 7.0;
				LD_RUNPATH_SEARCH_PATHS = "$(inherited) @executable_path/Frameworks";
				PRODUCT_NAME = "$(TARGET_NAME)";
			};
			name = Debug;
		};
		14A687791A168E15009A188C /* Release */ = {
			isa = XCBuildConfiguration;
			baseConfigurationReference = B0998364AE67032C98E71081 /* Pods.release.xcconfig */;
			buildSettings = {
				ASSETCATALOG_COMPILER_APPICON_NAME = AppIcon;
				ASSETCATALOG_COMPILER_LAUNCHIMAGE_NAME = LaunchImage;
				CODE_SIGN_IDENTITY = "iPhone Developer";
				INFOPLIST_FILE = jigSolver/Info.plist;
				IPHONEOS_DEPLOYMENT_TARGET = 7.0;
				LD_RUNPATH_SEARCH_PATHS = "$(inherited) @executable_path/Frameworks";
				PRODUCT_NAME = "$(TARGET_NAME)";
			};
			name = Release;
		};
		14A6877B1A168E15009A188C /* Debug */ = {
			isa = XCBuildConfiguration;
			buildSettings = {
				BUNDLE_LOADER = "$(TEST_HOST)";
				FRAMEWORK_SEARCH_PATHS = (
					"$(SDKROOT)/Developer/Library/Frameworks",
					"$(inherited)",
				);
				GCC_PREPROCESSOR_DEFINITIONS = (
					"DEBUG=1",
					"$(inherited)",
				);
				INFOPLIST_FILE = jigSolverTests/Info.plist;
				LD_RUNPATH_SEARCH_PATHS = "$(inherited) @executable_path/Frameworks @loader_path/Frameworks";
				PRODUCT_NAME = "$(TARGET_NAME)";
				TEST_HOST = "$(BUILT_PRODUCTS_DIR)/jigSolver.app/jigSolver";
			};
			name = Debug;
		};
		14A6877C1A168E15009A188C /* Release */ = {
			isa = XCBuildConfiguration;
			buildSettings = {
				BUNDLE_LOADER = "$(TEST_HOST)";
				FRAMEWORK_SEARCH_PATHS = (
					"$(SDKROOT)/Developer/Library/Frameworks",
					"$(inherited)",
				);
				INFOPLIST_FILE = jigSolverTests/Info.plist;
				LD_RUNPATH_SEARCH_PATHS = "$(inherited) @executable_path/Frameworks @loader_path/Frameworks";
				PRODUCT_NAME = "$(TARGET_NAME)";
				TEST_HOST = "$(BUILT_PRODUCTS_DIR)/jigSolver.app/jigSolver";
			};
			name = Release;
		};
/* End XCBuildConfiguration section */

/* Begin XCConfigurationList section */
		14A6874F1A168E15009A188C /* Build configuration list for PBXProject "jigSolver" */ = {
			isa = XCConfigurationList;
			buildConfigurations = (
				14A687751A168E15009A188C /* Debug */,
				14A687761A168E15009A188C /* Release */,
			);
			defaultConfigurationIsVisible = 0;
			defaultConfigurationName = Release;
		};
		14A687771A168E15009A188C /* Build configuration list for PBXNativeTarget "jigSolver" */ = {
			isa = XCConfigurationList;
			buildConfigurations = (
				14A687781A168E15009A188C /* Debug */,
				14A687791A168E15009A188C /* Release */,
			);
			defaultConfigurationIsVisible = 0;
			defaultConfigurationName = Release;
		};
		14A6877A1A168E15009A188C /* Build configuration list for PBXNativeTarget "jigSolverTests" */ = {
			isa = XCConfigurationList;
			buildConfigurations = (
				14A6877B1A168E15009A188C /* Debug */,
				14A6877C1A168E15009A188C /* Release */,
			);
			defaultConfigurationIsVisible = 0;
			defaultConfigurationName = Release;
		};
/* End XCConfigurationList section */
	};
	rootObject = 14A6874C1A168E15009A188C /* Project object */;
}
